// !$*UTF8*$!
{
	archiveVersion = 1;
	classes = {
	};
	objectVersion = 48;
	objects = {

/* Begin PBXBuildFile section */
		8D1205A41FD0D33900691524 /* AppDelegate.m in Sources */ = {isa = PBXBuildFile; fileRef = 8D1205A31FD0D33900691524 /* AppDelegate.m */; };
		8D1205A71FD0D33900691524 /* TimePickerViewController.m in Sources */ = {isa = PBXBuildFile; fileRef = 8D1205A61FD0D33900691524 /* TimePickerViewController.m */; };
		8D1205AA1FD0D33900691524 /* Main.storyboard in Resources */ = {isa = PBXBuildFile; fileRef = 8D1205A81FD0D33900691524 /* Main.storyboard */; };
		8D1205AC1FD0D33900691524 /* Assets.xcassets in Resources */ = {isa = PBXBuildFile; fileRef = 8D1205AB1FD0D33900691524 /* Assets.xcassets */; };
		8D1205AF1FD0D33900691524 /* LaunchScreen.storyboard in Resources */ = {isa = PBXBuildFile; fileRef = 8D1205AD1FD0D33900691524 /* LaunchScreen.storyboard */; };
		8D1205B21FD0D33900691524 /* main.m in Sources */ = {isa = PBXBuildFile; fileRef = 8D1205B11FD0D33900691524 /* main.m */; };
		8D125B0D2017FEF10066616F /* TimePickerInterfaceController.m in Sources */ = {isa = PBXBuildFile; fileRef = 8D125B0C2017FEF10066616F /* TimePickerInterfaceController.m */; };
		8D1ADF2C21A7177600913520 /* CircleProgressBar.m in Sources */ = {isa = PBXBuildFile; fileRef = 8D1ADF2B21A7177600913520 /* CircleProgressBar.m */; };
		8D288680220D2E5500E3D59B /* LapsViewController.m in Sources */ = {isa = PBXBuildFile; fileRef = 8D28867F220D2E5500E3D59B /* LapsViewController.m */; };
		8D5D891420A768A300F21566 /* HealthKit.framework in Frameworks */ = {isa = PBXBuildFile; fileRef = 8D5D891320A768A300F21566 /* HealthKit.framework */; };
		8D5D891720A768B400F21566 /* HealthKit.framework in Frameworks */ = {isa = PBXBuildFile; fileRef = 8D5D891620A768B400F21566 /* HealthKit.framework */; };
		8D65181C1FD3940500AB167F /* TimerViewController.m in Sources */ = {isa = PBXBuildFile; fileRef = 8D65181B1FD3940500AB167F /* TimerViewController.m */; };
		8D8421FF20C99F3D002484D2 /* EndlessViewController.m in Sources */ = {isa = PBXBuildFile; fileRef = 8D8421FE20C99F3D002484D2 /* EndlessViewController.m */; };
		8D84220520C9F47B002484D2 /* EndlessInterfaceController.m in Sources */ = {isa = PBXBuildFile; fileRef = 8D84220420C9F47B002484D2 /* EndlessInterfaceController.m */; };
		8DAEC21A20044D0D00EDB61F /* Interface.storyboard in Resources */ = {isa = PBXBuildFile; fileRef = 8DAEC21820044D0D00EDB61F /* Interface.storyboard */; };
		8DAEC21C20044D0D00EDB61F /* Assets.xcassets in Resources */ = {isa = PBXBuildFile; fileRef = 8DAEC21B20044D0D00EDB61F /* Assets.xcassets */; };
		8DAEC22320044D0D00EDB61F /* PositiveFeedback-watchOS Extension.appex in Embed App Extensions */ = {isa = PBXBuildFile; fileRef = 8DAEC22220044D0D00EDB61F /* PositiveFeedback-watchOS Extension.appex */; settings = {ATTRIBUTES = (RemoveHeadersOnCopy, ); }; };
		8DAEC22920044D0D00EDB61F /* TimerInterfaceController.m in Sources */ = {isa = PBXBuildFile; fileRef = 8DAEC22820044D0D00EDB61F /* TimerInterfaceController.m */; };
		8DAEC22C20044D0D00EDB61F /* ExtensionDelegate.m in Sources */ = {isa = PBXBuildFile; fileRef = 8DAEC22B20044D0D00EDB61F /* ExtensionDelegate.m */; };
		8DAEC22E20044D0D00EDB61F /* Assets.xcassets in Resources */ = {isa = PBXBuildFile; fileRef = 8DAEC22D20044D0D00EDB61F /* Assets.xcassets */; };
		8DAEC23220044D0D00EDB61F /* PositiveFeedback-watchOS.app in Embed Watch Content */ = {isa = PBXBuildFile; fileRef = 8DAEC21620044D0C00EDB61F /* PositiveFeedback-watchOS.app */; };
		8DB6FFC621327AEE00F4F0CA /* LapsInterfaceController.m in Sources */ = {isa = PBXBuildFile; fileRef = 8DB6FFC521327AEE00F4F0CA /* LapsInterfaceController.m */; };
		8DD5143E1FF2FA5F00BC6247 /* DistancePickerViewController.m in Sources */ = {isa = PBXBuildFile; fileRef = 8DD5143D1FF2FA5F00BC6247 /* DistancePickerViewController.m */; };
/* End PBXBuildFile section */

/* Begin PBXContainerItemProxy section */
		8DAEC22420044D0D00EDB61F /* PBXContainerItemProxy */ = {
			isa = PBXContainerItemProxy;
			containerPortal = 8D1205971FD0D33900691524 /* Project object */;
			proxyType = 1;
			remoteGlobalIDString = 8DAEC22120044D0D00EDB61F;
			remoteInfo = "PositiveFeedback-watchOS Extension";
		};
		8DAEC23020044D0D00EDB61F /* PBXContainerItemProxy */ = {
			isa = PBXContainerItemProxy;
			containerPortal = 8D1205971FD0D33900691524 /* Project object */;
			proxyType = 1;
			remoteGlobalIDString = 8DAEC21520044D0C00EDB61F;
			remoteInfo = "PositiveFeedback-watchOS";
		};
/* End PBXContainerItemProxy section */

/* Begin PBXCopyFilesBuildPhase section */
		8DAEC23820044D0D00EDB61F /* Embed App Extensions */ = {
			isa = PBXCopyFilesBuildPhase;
			buildActionMask = 2147483647;
			dstPath = "";
			dstSubfolderSpec = 13;
			files = (
				8DAEC22320044D0D00EDB61F /* PositiveFeedback-watchOS Extension.appex in Embed App Extensions */,
			);
			name = "Embed App Extensions";
			runOnlyForDeploymentPostprocessing = 0;
		};
		8DAEC23A20044D0D00EDB61F /* Embed Watch Content */ = {
			isa = PBXCopyFilesBuildPhase;
			buildActionMask = 2147483647;
			dstPath = "$(CONTENTS_FOLDER_PATH)/Watch";
			dstSubfolderSpec = 16;
			files = (
				8DAEC23220044D0D00EDB61F /* PositiveFeedback-watchOS.app in Embed Watch Content */,
			);
			name = "Embed Watch Content";
			runOnlyForDeploymentPostprocessing = 0;
		};
/* End PBXCopyFilesBuildPhase section */

/* Begin PBXFileReference section */
		8D12059F1FD0D33900691524 /* PositiveFeedback.app */ = {isa = PBXFileReference; explicitFileType = wrapper.application; includeInIndex = 0; path = PositiveFeedback.app; sourceTree = BUILT_PRODUCTS_DIR; };
		8D1205A21FD0D33900691524 /* AppDelegate.h */ = {isa = PBXFileReference; lastKnownFileType = sourcecode.c.h; path = AppDelegate.h; sourceTree = "<group>"; };
		8D1205A31FD0D33900691524 /* AppDelegate.m */ = {isa = PBXFileReference; lastKnownFileType = sourcecode.c.objc; path = AppDelegate.m; sourceTree = "<group>"; };
		8D1205A51FD0D33900691524 /* TimePickerViewController.h */ = {isa = PBXFileReference; lastKnownFileType = sourcecode.c.h; path = TimePickerViewController.h; sourceTree = "<group>"; };
		8D1205A61FD0D33900691524 /* TimePickerViewController.m */ = {isa = PBXFileReference; lastKnownFileType = sourcecode.c.objc; path = TimePickerViewController.m; sourceTree = "<group>"; };
		8D1205A91FD0D33900691524 /* Base */ = {isa = PBXFileReference; lastKnownFileType = file.storyboard; name = Base; path = Base.lproj/Main.storyboard; sourceTree = "<group>"; };
		8D1205AB1FD0D33900691524 /* Assets.xcassets */ = {isa = PBXFileReference; lastKnownFileType = folder.assetcatalog; path = Assets.xcassets; sourceTree = "<group>"; };
		8D1205AE1FD0D33900691524 /* Base */ = {isa = PBXFileReference; lastKnownFileType = file.storyboard; name = Base; path = Base.lproj/LaunchScreen.storyboard; sourceTree = "<group>"; };
		8D1205B01FD0D33900691524 /* Info.plist */ = {isa = PBXFileReference; lastKnownFileType = text.plist.xml; path = Info.plist; sourceTree = "<group>"; };
		8D1205B11FD0D33900691524 /* main.m */ = {isa = PBXFileReference; lastKnownFileType = sourcecode.c.objc; path = main.m; sourceTree = "<group>"; };
		8D125B0B2017FEF10066616F /* TimePickerInterfaceController.h */ = {isa = PBXFileReference; lastKnownFileType = sourcecode.c.h; path = TimePickerInterfaceController.h; sourceTree = "<group>"; };
		8D125B0C2017FEF10066616F /* TimePickerInterfaceController.m */ = {isa = PBXFileReference; lastKnownFileType = sourcecode.c.objc; path = TimePickerInterfaceController.m; sourceTree = "<group>"; };
		8D1ADF2A21A7176B00913520 /* CircleProgressBar.h */ = {isa = PBXFileReference; lastKnownFileType = sourcecode.c.h; path = CircleProgressBar.h; sourceTree = "<group>"; };
		8D1ADF2B21A7177600913520 /* CircleProgressBar.m */ = {isa = PBXFileReference; fileEncoding = 4; lastKnownFileType = sourcecode.c.objc; path = CircleProgressBar.m; sourceTree = "<group>"; };
		8D28867E220D2E5500E3D59B /* LapsViewController.h */ = {isa = PBXFileReference; lastKnownFileType = sourcecode.c.h; path = LapsViewController.h; sourceTree = "<group>"; };
		8D28867F220D2E5500E3D59B /* LapsViewController.m */ = {isa = PBXFileReference; lastKnownFileType = sourcecode.c.objc; path = LapsViewController.m; sourceTree = "<group>"; };
		8D5D891120A768A200F21566 /* PositiveFeedback.entitlements */ = {isa = PBXFileReference; lastKnownFileType = text.plist.entitlements; path = PositiveFeedback.entitlements; sourceTree = "<group>"; };
		8D5D891320A768A300F21566 /* HealthKit.framework */ = {isa = PBXFileReference; lastKnownFileType = wrapper.framework; name = HealthKit.framework; path = System/Library/Frameworks/HealthKit.framework; sourceTree = SDKROOT; };
		8D5D891520A768B400F21566 /* PositiveFeedback-watchOS Extension.entitlements */ = {isa = PBXFileReference; lastKnownFileType = text.plist.entitlements; path = "PositiveFeedback-watchOS Extension.entitlements"; sourceTree = "<group>"; };
		8D5D891620A768B400F21566 /* HealthKit.framework */ = {isa = PBXFileReference; lastKnownFileType = wrapper.framework; name = HealthKit.framework; path = Platforms/WatchOS.platform/Developer/SDKs/WatchOS4.3.sdk/System/Library/Frameworks/HealthKit.framework; sourceTree = DEVELOPER_DIR; };
		8D65181B1FD3940500AB167F /* TimerViewController.m */ = {isa = PBXFileReference; lastKnownFileType = sourcecode.c.objc; path = TimerViewController.m; sourceTree = "<group>"; };
		8D65181D1FD3945F00AB167F /* TimerViewController.h */ = {isa = PBXFileReference; lastKnownFileType = sourcecode.c.h; path = TimerViewController.h; sourceTree = "<group>"; };
		8D8421FD20C99F3D002484D2 /* EndlessViewController.h */ = {isa = PBXFileReference; lastKnownFileType = sourcecode.c.h; path = EndlessViewController.h; sourceTree = "<group>"; };
		8D8421FE20C99F3D002484D2 /* EndlessViewController.m */ = {isa = PBXFileReference; lastKnownFileType = sourcecode.c.objc; path = EndlessViewController.m; sourceTree = "<group>"; };
		8D84220320C9F47B002484D2 /* EndlessInterfaceController.h */ = {isa = PBXFileReference; lastKnownFileType = sourcecode.c.h; path = EndlessInterfaceController.h; sourceTree = "<group>"; };
		8D84220420C9F47B002484D2 /* EndlessInterfaceController.m */ = {isa = PBXFileReference; lastKnownFileType = sourcecode.c.objc; path = EndlessInterfaceController.m; sourceTree = "<group>"; };
		8DAEC21620044D0C00EDB61F /* PositiveFeedback-watchOS.app */ = {isa = PBXFileReference; explicitFileType = wrapper.application; includeInIndex = 0; path = "PositiveFeedback-watchOS.app"; sourceTree = BUILT_PRODUCTS_DIR; };
		8DAEC21920044D0D00EDB61F /* Base */ = {isa = PBXFileReference; lastKnownFileType = file.storyboard; name = Base; path = Base.lproj/Interface.storyboard; sourceTree = "<group>"; };
		8DAEC21B20044D0D00EDB61F /* Assets.xcassets */ = {isa = PBXFileReference; lastKnownFileType = folder.assetcatalog; path = Assets.xcassets; sourceTree = "<group>"; };
		8DAEC21D20044D0D00EDB61F /* Info.plist */ = {isa = PBXFileReference; lastKnownFileType = text.plist.xml; path = Info.plist; sourceTree = "<group>"; };
		8DAEC22220044D0D00EDB61F /* PositiveFeedback-watchOS Extension.appex */ = {isa = PBXFileReference; explicitFileType = "wrapper.app-extension"; includeInIndex = 0; path = "PositiveFeedback-watchOS Extension.appex"; sourceTree = BUILT_PRODUCTS_DIR; };
		8DAEC22720044D0D00EDB61F /* TimerInterfaceController.h */ = {isa = PBXFileReference; lastKnownFileType = sourcecode.c.h; path = TimerInterfaceController.h; sourceTree = "<group>"; };
		8DAEC22820044D0D00EDB61F /* TimerInterfaceController.m */ = {isa = PBXFileReference; lastKnownFileType = sourcecode.c.objc; path = TimerInterfaceController.m; sourceTree = "<group>"; };
		8DAEC22A20044D0D00EDB61F /* ExtensionDelegate.h */ = {isa = PBXFileReference; lastKnownFileType = sourcecode.c.h; path = ExtensionDelegate.h; sourceTree = "<group>"; };
		8DAEC22B20044D0D00EDB61F /* ExtensionDelegate.m */ = {isa = PBXFileReference; lastKnownFileType = sourcecode.c.objc; path = ExtensionDelegate.m; sourceTree = "<group>"; };
		8DAEC22D20044D0D00EDB61F /* Assets.xcassets */ = {isa = PBXFileReference; lastKnownFileType = folder.assetcatalog; path = Assets.xcassets; sourceTree = "<group>"; };
		8DAEC22F20044D0D00EDB61F /* Info.plist */ = {isa = PBXFileReference; lastKnownFileType = text.plist.xml; path = Info.plist; sourceTree = "<group>"; };
		8DB6FFC421327AEE00F4F0CA /* LapsInterfaceController.h */ = {isa = PBXFileReference; lastKnownFileType = sourcecode.c.h; path = LapsInterfaceController.h; sourceTree = "<group>"; };
		8DB6FFC521327AEE00F4F0CA /* LapsInterfaceController.m */ = {isa = PBXFileReference; lastKnownFileType = sourcecode.c.objc; path = LapsInterfaceController.m; sourceTree = "<group>"; };
		8DD5143C1FF2FA5F00BC6247 /* DistancePickerViewController.h */ = {isa = PBXFileReference; fileEncoding = 4; lastKnownFileType = sourcecode.c.h; path = DistancePickerViewController.h; sourceTree = "<group>"; };
		8DD5143D1FF2FA5F00BC6247 /* DistancePickerViewController.m */ = {isa = PBXFileReference; fileEncoding = 4; lastKnownFileType = sourcecode.c.objc; path = DistancePickerViewController.m; sourceTree = "<group>"; };
/* End PBXFileReference section */

/* Begin PBXFrameworksBuildPhase section */
		8D12059C1FD0D33900691524 /* Frameworks */ = {
			isa = PBXFrameworksBuildPhase;
			buildActionMask = 2147483647;
			files = (
				8D5D891420A768A300F21566 /* HealthKit.framework in Frameworks */,
			);
			runOnlyForDeploymentPostprocessing = 0;
		};
		8DAEC21F20044D0D00EDB61F /* Frameworks */ = {
			isa = PBXFrameworksBuildPhase;
			buildActionMask = 2147483647;
			files = (
				8D5D891720A768B400F21566 /* HealthKit.framework in Frameworks */,
			);
			runOnlyForDeploymentPostprocessing = 0;
		};
/* End PBXFrameworksBuildPhase section */

/* Begin PBXGroup section */
		8D1205961FD0D33900691524 = {
			isa = PBXGroup;
			children = (
				8D1205A11FD0D33900691524 /* PositiveFeedback */,
				8DAEC21720044D0C00EDB61F /* PositiveFeedback-watchOS */,
				8DAEC22620044D0D00EDB61F /* PositiveFeedback-watchOS Extension */,
				8D1205A01FD0D33900691524 /* Products */,
				8D5D891220A768A300F21566 /* Frameworks */,
			);
			sourceTree = "<group>";
		};
		8D1205A01FD0D33900691524 /* Products */ = {
			isa = PBXGroup;
			children = (
				8D12059F1FD0D33900691524 /* PositiveFeedback.app */,
				8DAEC21620044D0C00EDB61F /* PositiveFeedback-watchOS.app */,
				8DAEC22220044D0D00EDB61F /* PositiveFeedback-watchOS Extension.appex */,
			);
			name = Products;
			sourceTree = "<group>";
		};
		8D1205A11FD0D33900691524 /* PositiveFeedback */ = {
			isa = PBXGroup;
			children = (
				8D5D891120A768A200F21566 /* PositiveFeedback.entitlements */,
				8D1205A21FD0D33900691524 /* AppDelegate.h */,
				8D1205A31FD0D33900691524 /* AppDelegate.m */,
				8D1ADF2A21A7176B00913520 /* CircleProgressBar.h */,
				8D1ADF2B21A7177600913520 /* CircleProgressBar.m */,
				8DD5143C1FF2FA5F00BC6247 /* DistancePickerViewController.h */,
				8DD5143D1FF2FA5F00BC6247 /* DistancePickerViewController.m */,
				8D8421FD20C99F3D002484D2 /* EndlessViewController.h */,
				8D8421FE20C99F3D002484D2 /* EndlessViewController.m */,
				8D1205A51FD0D33900691524 /* TimePickerViewController.h */,
				8D1205A61FD0D33900691524 /* TimePickerViewController.m */,
				8D65181D1FD3945F00AB167F /* TimerViewController.h */,
				8D65181B1FD3940500AB167F /* TimerViewController.m */,
				8D1205A81FD0D33900691524 /* Main.storyboard */,
				8D28867E220D2E5500E3D59B /* LapsViewController.h */,
				8D28867F220D2E5500E3D59B /* LapsViewController.m */,
				8D1205AB1FD0D33900691524 /* Assets.xcassets */,
				8D1205AD1FD0D33900691524 /* LaunchScreen.storyboard */,
				8D1205B01FD0D33900691524 /* Info.plist */,
				8D1205B11FD0D33900691524 /* main.m */,
			);
			path = PositiveFeedback;
			sourceTree = "<group>";
		};
		8D5D891220A768A300F21566 /* Frameworks */ = {
			isa = PBXGroup;
			children = (
				8D5D891620A768B400F21566 /* HealthKit.framework */,
				8D5D891320A768A300F21566 /* HealthKit.framework */,
			);
			name = Frameworks;
			sourceTree = "<group>";
		};
		8DAEC21720044D0C00EDB61F /* PositiveFeedback-watchOS */ = {
			isa = PBXGroup;
			children = (
				8DAEC21820044D0D00EDB61F /* Interface.storyboard */,
				8DAEC21B20044D0D00EDB61F /* Assets.xcassets */,
				8DAEC21D20044D0D00EDB61F /* Info.plist */,
			);
			path = "PositiveFeedback-watchOS";
			sourceTree = "<group>";
		};
		8DAEC22620044D0D00EDB61F /* PositiveFeedback-watchOS Extension */ = {
			isa = PBXGroup;
			children = (
				8D5D891520A768B400F21566 /* PositiveFeedback-watchOS Extension.entitlements */,
				8DAEC22720044D0D00EDB61F /* TimerInterfaceController.h */,
				8DAEC22820044D0D00EDB61F /* TimerInterfaceController.m */,
				8DB6FFC421327AEE00F4F0CA /* LapsInterfaceController.h */,
				8DB6FFC521327AEE00F4F0CA /* LapsInterfaceController.m */,
				8DAEC22A20044D0D00EDB61F /* ExtensionDelegate.h */,
				8DAEC22B20044D0D00EDB61F /* ExtensionDelegate.m */,
				8DAEC22D20044D0D00EDB61F /* Assets.xcassets */,
				8DAEC22F20044D0D00EDB61F /* Info.plist */,
				8D84220320C9F47B002484D2 /* EndlessInterfaceController.h */,
				8D84220420C9F47B002484D2 /* EndlessInterfaceController.m */,
				8D125B0B2017FEF10066616F /* TimePickerInterfaceController.h */,
				8D125B0C2017FEF10066616F /* TimePickerInterfaceController.m */,
			);
			path = "PositiveFeedback-watchOS Extension";
			sourceTree = "<group>";
		};
/* End PBXGroup section */

/* Begin PBXNativeTarget section */
		8D12059E1FD0D33900691524 /* PositiveFeedback */ = {
			isa = PBXNativeTarget;
			buildConfigurationList = 8D1205B51FD0D33900691524 /* Build configuration list for PBXNativeTarget "PositiveFeedback" */;
			buildPhases = (
				8D12059B1FD0D33900691524 /* Sources */,
				8D12059C1FD0D33900691524 /* Frameworks */,
				8D12059D1FD0D33900691524 /* Resources */,
				8DAEC23A20044D0D00EDB61F /* Embed Watch Content */,
			);
			buildRules = (
			);
			dependencies = (
				8DAEC23120044D0D00EDB61F /* PBXTargetDependency */,
			);
			name = PositiveFeedback;
			productName = PositiveFeedback;
			productReference = 8D12059F1FD0D33900691524 /* PositiveFeedback.app */;
			productType = "com.apple.product-type.application";
		};
		8DAEC21520044D0C00EDB61F /* PositiveFeedback-watchOS */ = {
			isa = PBXNativeTarget;
			buildConfigurationList = 8DAEC23920044D0D00EDB61F /* Build configuration list for PBXNativeTarget "PositiveFeedback-watchOS" */;
			buildPhases = (
				8DAEC21420044D0C00EDB61F /* Resources */,
				8DAEC23820044D0D00EDB61F /* Embed App Extensions */,
			);
			buildRules = (
			);
			dependencies = (
				8DAEC22520044D0D00EDB61F /* PBXTargetDependency */,
			);
			name = "PositiveFeedback-watchOS";
			productName = "PositiveFeedback-watchOS";
			productReference = 8DAEC21620044D0C00EDB61F /* PositiveFeedback-watchOS.app */;
			productType = "com.apple.product-type.application.watchapp2";
		};
		8DAEC22120044D0D00EDB61F /* PositiveFeedback-watchOS Extension */ = {
			isa = PBXNativeTarget;
			buildConfigurationList = 8DAEC23720044D0D00EDB61F /* Build configuration list for PBXNativeTarget "PositiveFeedback-watchOS Extension" */;
			buildPhases = (
				8DAEC21E20044D0D00EDB61F /* Sources */,
				8DAEC21F20044D0D00EDB61F /* Frameworks */,
				8DAEC22020044D0D00EDB61F /* Resources */,
			);
			buildRules = (
			);
			dependencies = (
			);
			name = "PositiveFeedback-watchOS Extension";
			productName = "PositiveFeedback-watchOS Extension";
			productReference = 8DAEC22220044D0D00EDB61F /* PositiveFeedback-watchOS Extension.appex */;
			productType = "com.apple.product-type.watchkit2-extension";
		};
/* End PBXNativeTarget section */

/* Begin PBXProject section */
		8D1205971FD0D33900691524 /* Project object */ = {
			isa = PBXProject;
			attributes = {
				LastUpgradeCheck = 0930;
				ORGANIZATIONNAME = "Sam Gardner";
				TargetAttributes = {
					8D12059E1FD0D33900691524 = {
						CreatedOnToolsVersion = 9.1;
						ProvisioningStyle = Automatic;
						SystemCapabilities = {
							com.apple.HealthKit = {
								enabled = 1;
							};
						};
					};
					8DAEC21520044D0C00EDB61F = {
						CreatedOnToolsVersion = 9.2;
						ProvisioningStyle = Automatic;
					};
					8DAEC22120044D0D00EDB61F = {
						CreatedOnToolsVersion = 9.2;
						ProvisioningStyle = Automatic;
						SystemCapabilities = {
							com.apple.HealthKit.watchos = {
								enabled = 1;
							};
						};
					};
				};
			};
			buildConfigurationList = 8D12059A1FD0D33900691524 /* Build configuration list for PBXProject "PositiveFeedback" */;
			compatibilityVersion = "Xcode 8.0";
			developmentRegion = en;
			hasScannedForEncodings = 0;
			knownRegions = (
				en,
				Base,
			);
			mainGroup = 8D1205961FD0D33900691524;
			productRefGroup = 8D1205A01FD0D33900691524 /* Products */;
			projectDirPath = "";
			projectRoot = "";
			targets = (
				8D12059E1FD0D33900691524 /* PositiveFeedback */,
				8DAEC21520044D0C00EDB61F /* PositiveFeedback-watchOS */,
				8DAEC22120044D0D00EDB61F /* PositiveFeedback-watchOS Extension */,
			);
		};
/* End PBXProject section */

/* Begin PBXResourcesBuildPhase section */
		8D12059D1FD0D33900691524 /* Resources */ = {
			isa = PBXResourcesBuildPhase;
			buildActionMask = 2147483647;
			files = (
				8D1205AF1FD0D33900691524 /* LaunchScreen.storyboard in Resources */,
				8D1205AC1FD0D33900691524 /* Assets.xcassets in Resources */,
				8D1205AA1FD0D33900691524 /* Main.storyboard in Resources */,
			);
			runOnlyForDeploymentPostprocessing = 0;
		};
		8DAEC21420044D0C00EDB61F /* Resources */ = {
			isa = PBXResourcesBuildPhase;
			buildActionMask = 2147483647;
			files = (
				8DAEC21C20044D0D00EDB61F /* Assets.xcassets in Resources */,
				8DAEC21A20044D0D00EDB61F /* Interface.storyboard in Resources */,
			);
			runOnlyForDeploymentPostprocessing = 0;
		};
		8DAEC22020044D0D00EDB61F /* Resources */ = {
			isa = PBXResourcesBuildPhase;
			buildActionMask = 2147483647;
			files = (
				8DAEC22E20044D0D00EDB61F /* Assets.xcassets in Resources */,
			);
			runOnlyForDeploymentPostprocessing = 0;
		};
/* End PBXResourcesBuildPhase section */

/* Begin PBXSourcesBuildPhase section */
		8D12059B1FD0D33900691524 /* Sources */ = {
			isa = PBXSourcesBuildPhase;
			buildActionMask = 2147483647;
			files = (
				8DD5143E1FF2FA5F00BC6247 /* DistancePickerViewController.m in Sources */,
				8D65181C1FD3940500AB167F /* TimerViewController.m in Sources */,
				8D1205A71FD0D33900691524 /* TimePickerViewController.m in Sources */,
				8D1205B21FD0D33900691524 /* main.m in Sources */,
				8D1205A41FD0D33900691524 /* AppDelegate.m in Sources */,
				8D8421FF20C99F3D002484D2 /* EndlessViewController.m in Sources */,
				8D288680220D2E5500E3D59B /* LapsViewController.m in Sources */,
				8D1ADF2C21A7177600913520 /* CircleProgressBar.m in Sources */,
			);
			runOnlyForDeploymentPostprocessing = 0;
		};
		8DAEC21E20044D0D00EDB61F /* Sources */ = {
			isa = PBXSourcesBuildPhase;
			buildActionMask = 2147483647;
			files = (
				8D125B0D2017FEF10066616F /* TimePickerInterfaceController.m in Sources */,
				8DAEC22C20044D0D00EDB61F /* ExtensionDelegate.m in Sources */,
				8D84220520C9F47B002484D2 /* EndlessInterfaceController.m in Sources */,
				8DAEC22920044D0D00EDB61F /* TimerInterfaceController.m in Sources */,
				8DB6FFC621327AEE00F4F0CA /* LapsInterfaceController.m in Sources */,
			);
			runOnlyForDeploymentPostprocessing = 0;
		};
/* End PBXSourcesBuildPhase section */

/* Begin PBXTargetDependency section */
		8DAEC22520044D0D00EDB61F /* PBXTargetDependency */ = {
			isa = PBXTargetDependency;
			target = 8DAEC22120044D0D00EDB61F /* PositiveFeedback-watchOS Extension */;
			targetProxy = 8DAEC22420044D0D00EDB61F /* PBXContainerItemProxy */;
		};
		8DAEC23120044D0D00EDB61F /* PBXTargetDependency */ = {
			isa = PBXTargetDependency;
			target = 8DAEC21520044D0C00EDB61F /* PositiveFeedback-watchOS */;
			targetProxy = 8DAEC23020044D0D00EDB61F /* PBXContainerItemProxy */;
		};
/* End PBXTargetDependency section */

/* Begin PBXVariantGroup section */
		8D1205A81FD0D33900691524 /* Main.storyboard */ = {
			isa = PBXVariantGroup;
			children = (
				8D1205A91FD0D33900691524 /* Base */,
			);
			name = Main.storyboard;
			sourceTree = "<group>";
		};
		8D1205AD1FD0D33900691524 /* LaunchScreen.storyboard */ = {
			isa = PBXVariantGroup;
			children = (
				8D1205AE1FD0D33900691524 /* Base */,
			);
			name = LaunchScreen.storyboard;
			sourceTree = "<group>";
		};
		8DAEC21820044D0D00EDB61F /* Interface.storyboard */ = {
			isa = PBXVariantGroup;
			children = (
				8DAEC21920044D0D00EDB61F /* Base */,
			);
			name = Interface.storyboard;
			sourceTree = "<group>";
		};
/* End PBXVariantGroup section */

/* Begin XCBuildConfiguration section */
		8D1205B31FD0D33900691524 /* Debug */ = {
			isa = XCBuildConfiguration;
			buildSettings = {
				ALWAYS_SEARCH_USER_PATHS = NO;
				CLANG_ANALYZER_NONNULL = YES;
				CLANG_ANALYZER_NUMBER_OBJECT_CONVERSION = YES_AGGRESSIVE;
				CLANG_CXX_LANGUAGE_STANDARD = "gnu++14";
				CLANG_CXX_LIBRARY = "libc++";
				CLANG_ENABLE_MODULES = YES;
				CLANG_ENABLE_OBJC_ARC = YES;
				CLANG_WARN_BLOCK_CAPTURE_AUTORELEASING = YES;
				CLANG_WARN_BOOL_CONVERSION = YES;
				CLANG_WARN_COMMA = YES;
				CLANG_WARN_CONSTANT_CONVERSION = YES;
				CLANG_WARN_DEPRECATED_OBJC_IMPLEMENTATIONS = YES;
				CLANG_WARN_DIRECT_OBJC_ISA_USAGE = YES_ERROR;
				CLANG_WARN_DOCUMENTATION_COMMENTS = YES;
				CLANG_WARN_EMPTY_BODY = YES;
				CLANG_WARN_ENUM_CONVERSION = YES;
				CLANG_WARN_INFINITE_RECURSION = YES;
				CLANG_WARN_INT_CONVERSION = YES;
				CLANG_WARN_NON_LITERAL_NULL_CONVERSION = YES;
				CLANG_WARN_OBJC_IMPLICIT_RETAIN_SELF = YES;
				CLANG_WARN_OBJC_LITERAL_CONVERSION = YES;
				CLANG_WARN_OBJC_ROOT_CLASS = YES_ERROR;
				CLANG_WARN_RANGE_LOOP_ANALYSIS = YES;
				CLANG_WARN_STRICT_PROTOTYPES = YES;
				CLANG_WARN_SUSPICIOUS_MOVE = YES;
				CLANG_WARN_UNGUARDED_AVAILABILITY = YES_AGGRESSIVE;
				CLANG_WARN_UNREACHABLE_CODE = YES;
				CLANG_WARN__DUPLICATE_METHOD_MATCH = YES;
				CODE_SIGN_IDENTITY = "iPhone Developer";
				COPY_PHASE_STRIP = NO;
				DEBUG_INFORMATION_FORMAT = dwarf;
				ENABLE_STRICT_OBJC_MSGSEND = YES;
				ENABLE_TESTABILITY = YES;
				GCC_C_LANGUAGE_STANDARD = gnu11;
				GCC_DYNAMIC_NO_PIC = NO;
				GCC_NO_COMMON_BLOCKS = YES;
				GCC_OPTIMIZATION_LEVEL = 0;
				GCC_PREPROCESSOR_DEFINITIONS = (
					"DEBUG=1",
					"$(inherited)",
				);
				GCC_WARN_64_TO_32_BIT_CONVERSION = YES;
				GCC_WARN_ABOUT_RETURN_TYPE = YES_ERROR;
				GCC_WARN_UNDECLARED_SELECTOR = YES;
				GCC_WARN_UNINITIALIZED_AUTOS = YES_AGGRESSIVE;
				GCC_WARN_UNUSED_FUNCTION = YES;
				GCC_WARN_UNUSED_VARIABLE = YES;
				IPHONEOS_DEPLOYMENT_TARGET = 11.1;
				MTL_ENABLE_DEBUG_INFO = YES;
				ONLY_ACTIVE_ARCH = YES;
				SDKROOT = iphoneos;
			};
			name = Debug;
		};
		8D1205B41FD0D33900691524 /* Release */ = {
			isa = XCBuildConfiguration;
			buildSettings = {
				ALWAYS_SEARCH_USER_PATHS = NO;
				CLANG_ANALYZER_NONNULL = YES;
				CLANG_ANALYZER_NUMBER_OBJECT_CONVERSION = YES_AGGRESSIVE;
				CLANG_CXX_LANGUAGE_STANDARD = "gnu++14";
				CLANG_CXX_LIBRARY = "libc++";
				CLANG_ENABLE_MODULES = YES;
				CLANG_ENABLE_OBJC_ARC = YES;
				CLANG_WARN_BLOCK_CAPTURE_AUTORELEASING = YES;
				CLANG_WARN_BOOL_CONVERSION = YES;
				CLANG_WARN_COMMA = YES;
				CLANG_WARN_CONSTANT_CONVERSION = YES;
				CLANG_WARN_DEPRECATED_OBJC_IMPLEMENTATIONS = YES;
				CLANG_WARN_DIRECT_OBJC_ISA_USAGE = YES_ERROR;
				CLANG_WARN_DOCUMENTATION_COMMENTS = YES;
				CLANG_WARN_EMPTY_BODY = YES;
				CLANG_WARN_ENUM_CONVERSION = YES;
				CLANG_WARN_INFINITE_RECURSION = YES;
				CLANG_WARN_INT_CONVERSION = YES;
				CLANG_WARN_NON_LITERAL_NULL_CONVERSION = YES;
				CLANG_WARN_OBJC_IMPLICIT_RETAIN_SELF = YES;
				CLANG_WARN_OBJC_LITERAL_CONVERSION = YES;
				CLANG_WARN_OBJC_ROOT_CLASS = YES_ERROR;
				CLANG_WARN_RANGE_LOOP_ANALYSIS = YES;
				CLANG_WARN_STRICT_PROTOTYPES = YES;
				CLANG_WARN_SUSPICIOUS_MOVE = YES;
				CLANG_WARN_UNGUARDED_AVAILABILITY = YES_AGGRESSIVE;
				CLANG_WARN_UNREACHABLE_CODE = YES;
				CLANG_WARN__DUPLICATE_METHOD_MATCH = YES;
				CODE_SIGN_IDENTITY = "iPhone Developer";
				COPY_PHASE_STRIP = NO;
				DEBUG_INFORMATION_FORMAT = "dwarf-with-dsym";
				ENABLE_NS_ASSERTIONS = NO;
				ENABLE_STRICT_OBJC_MSGSEND = YES;
				GCC_C_LANGUAGE_STANDARD = gnu11;
				GCC_NO_COMMON_BLOCKS = YES;
				GCC_WARN_64_TO_32_BIT_CONVERSION = YES;
				GCC_WARN_ABOUT_RETURN_TYPE = YES_ERROR;
				GCC_WARN_UNDECLARED_SELECTOR = YES;
				GCC_WARN_UNINITIALIZED_AUTOS = YES_AGGRESSIVE;
				GCC_WARN_UNUSED_FUNCTION = YES;
				GCC_WARN_UNUSED_VARIABLE = YES;
				IPHONEOS_DEPLOYMENT_TARGET = 11.1;
				MTL_ENABLE_DEBUG_INFO = NO;
				SDKROOT = iphoneos;
				VALIDATE_PRODUCT = YES;
			};
			name = Release;
		};
		8D1205B61FD0D33900691524 /* Debug */ = {
			isa = XCBuildConfiguration;
			buildSettings = {
				ASSETCATALOG_COMPILER_APPICON_NAME = AppIcon;
				CODE_SIGN_ENTITLEMENTS = PositiveFeedback/PositiveFeedback.entitlements;
				CODE_SIGN_STYLE = Automatic;
				DEVELOPMENT_TEAM = 62PB6NV7YN;
				INFOPLIST_FILE = PositiveFeedback/Info.plist;
				LD_RUNPATH_SEARCH_PATHS = "$(inherited) @executable_path/Frameworks";
				PRODUCT_BUNDLE_IDENTIFIER = com.samgisaninja.PositiveFeedback;
				PRODUCT_NAME = "$(TARGET_NAME)";
				TARGETED_DEVICE_FAMILY = "1,2";
			};
			name = Debug;
		};
		8D1205B71FD0D33900691524 /* Release */ = {
			isa = XCBuildConfiguration;
			buildSettings = {
				ASSETCATALOG_COMPILER_APPICON_NAME = AppIcon;
				CODE_SIGN_ENTITLEMENTS = PositiveFeedback/PositiveFeedback.entitlements;
				CODE_SIGN_STYLE = Automatic;
				DEVELOPMENT_TEAM = 62PB6NV7YN;
				INFOPLIST_FILE = PositiveFeedback/Info.plist;
				LD_RUNPATH_SEARCH_PATHS = "$(inherited) @executable_path/Frameworks";
				PRODUCT_BUNDLE_IDENTIFIER = com.samgisaninja.PositiveFeedback;
				PRODUCT_NAME = "$(TARGET_NAME)";
				TARGETED_DEVICE_FAMILY = "1,2";
			};
			name = Release;
		};
		8DAEC23320044D0D00EDB61F /* Debug */ = {
			isa = XCBuildConfiguration;
			buildSettings = {
				ASSETCATALOG_COMPILER_APPICON_NAME = AppIcon;
				CODE_SIGN_STYLE = Automatic;
				DEVELOPMENT_TEAM = 62PB6NV7YN;
				IBSC_MODULE = PositiveFeedback_watchOS_Extension;
				INFOPLIST_FILE = "PositiveFeedback-watchOS/Info.plist";
				PRODUCT_BUNDLE_IDENTIFIER = com.samgisaninja.PositiveFeedback.watchkitapp;
				PRODUCT_NAME = "$(TARGET_NAME)";
				SDKROOT = watchos;
				SKIP_INSTALL = YES;
				TARGETED_DEVICE_FAMILY = 4;
				WATCHOS_DEPLOYMENT_TARGET = 4.2;
			};
			name = Debug;
		};
		8DAEC23420044D0D00EDB61F /* Release */ = {
			isa = XCBuildConfiguration;
			buildSettings = {
				ASSETCATALOG_COMPILER_APPICON_NAME = AppIcon;
				CODE_SIGN_STYLE = Automatic;
				DEVELOPMENT_TEAM = 62PB6NV7YN;
				IBSC_MODULE = PositiveFeedback_watchOS_Extension;
				INFOPLIST_FILE = "PositiveFeedback-watchOS/Info.plist";
				PRODUCT_BUNDLE_IDENTIFIER = com.samgisaninja.PositiveFeedback.watchkitapp;
				PRODUCT_NAME = "$(TARGET_NAME)";
				SDKROOT = watchos;
				SKIP_INSTALL = YES;
				TARGETED_DEVICE_FAMILY = 4;
				WATCHOS_DEPLOYMENT_TARGET = 4.2;
			};
			name = Release;
		};
		8DAEC23520044D0D00EDB61F /* Debug */ = {
			isa = XCBuildConfiguration;
			buildSettings = {
				ASSETCATALOG_COMPILER_COMPLICATION_NAME = Complication;
				CODE_SIGN_ENTITLEMENTS = "PositiveFeedback-watchOS Extension/PositiveFeedback-watchOS Extension.entitlements";
				CODE_SIGN_STYLE = Automatic;
				DEVELOPMENT_TEAM = 62PB6NV7YN;
				INFOPLIST_FILE = "PositiveFeedback-watchOS Extension/Info.plist";
				LD_RUNPATH_SEARCH_PATHS = "$(inherited) @executable_path/Frameworks @executable_path/../../Frameworks";
				PRODUCT_BUNDLE_IDENTIFIER = com.samgisaninja.PositiveFeedback.watchkitapp.watchkitextension;
				PRODUCT_NAME = "${TARGET_NAME}";
				SDKROOT = watchos;
				SKIP_INSTALL = YES;
				TARGETED_DEVICE_FAMILY = 4;
				WATCHOS_DEPLOYMENT_TARGET = 4.2;
			};
			name = Debug;
		};
		8DAEC23620044D0D00EDB61F /* Release */ = {
			isa = XCBuildConfiguration;
			buildSettings = {
				ASSETCATALOG_COMPILER_COMPLICATION_NAME = Complication;
				CODE_SIGN_ENTITLEMENTS = "PositiveFeedback-watchOS Extension/PositiveFeedback-watchOS Extension.entitlements";
				CODE_SIGN_STYLE = Automatic;
				DEVELOPMENT_TEAM = 62PB6NV7YN;
				INFOPLIST_FILE = "PositiveFeedback-watchOS Extension/Info.plist";
				LD_RUNPATH_SEARCH_PATHS = "$(inherited) @executable_path/Frameworks @executable_path/../../Frameworks";
				PRODUCT_BUNDLE_IDENTIFIER = com.samgisaninja.PositiveFeedback.watchkitapp.watchkitextension;
				PRODUCT_NAME = "${TARGET_NAME}";
				SDKROOT = watchos;
				SKIP_INSTALL = YES;
				TARGETED_DEVICE_FAMILY = 4;
				WATCHOS_DEPLOYMENT_TARGET = 4.2;
			};
			name = Release;
		};
/* End XCBuildConfiguration section */

/* Begin XCConfigurationList section */
		8D12059A1FD0D33900691524 /* Build configuration list for PBXProject "PositiveFeedback" */ = {
			isa = XCConfigurationList;
			buildConfigurations = (
				8D1205B31FD0D33900691524 /* Debug */,
				8D1205B41FD0D33900691524 /* Release */,
			);
			defaultConfigurationIsVisible = 0;
			defaultConfigurationName = Release;
		};
		8D1205B51FD0D33900691524 /* Build configuration list for PBXNativeTarget "PositiveFeedback" */ = {
			isa = XCConfigurationList;
			buildConfigurations = (
				8D1205B61FD0D33900691524 /* Debug */,
				8D1205B71FD0D33900691524 /* Release */,
			);
			defaultConfigurationIsVisible = 0;
			defaultConfigurationName = Release;
		};
		8DAEC23720044D0D00EDB61F /* Build configuration list for PBXNativeTarget "PositiveFeedback-watchOS Extension" */ = {
			isa = XCConfigurationList;
			buildConfigurations = (
				8DAEC23520044D0D00EDB61F /* Debug */,
				8DAEC23620044D0D00EDB61F /* Release */,
			);
			defaultConfigurationIsVisible = 0;
			defaultConfigurationName = Release;
		};
		8DAEC23920044D0D00EDB61F /* Build configuration list for PBXNativeTarget "PositiveFeedback-watchOS" */ = {
			isa = XCConfigurationList;
			buildConfigurations = (
				8DAEC23320044D0D00EDB61F /* Debug */,
				8DAEC23420044D0D00EDB61F /* Release */,
			);
			defaultConfigurationIsVisible = 0;
			defaultConfigurationName = Release;
		};
/* End XCConfigurationList section */
	};
	rootObject = 8D1205971FD0D33900691524 /* Project object */;
}
